
Microsoft Visual Studio Solution File, Format Version 12.00
# Visual Studio Version 17
VisualStudioVersion = 17.7.34003.232
MinimumVisualStudioVersion = 10.0.40219.1
Project("{9A19103F-16F7-4668-BE54-9A1E7A4F7556}") = "Coffee_Kiosk", "Coffee_Kiosk.csproj", "{D1B7F6DC-86C3-4532-8105-14D815F9EEA7}"
EndProject
Global
	GlobalSection(SolutionConfigurationPlatforms) = preSolution
		Debug|Any CPU = Debug|Any CPU
		Release|Any CPU = Release|Any CPU
	EndGlobalSection
	GlobalSection(ProjectConfigurationPlatforms) = postSolution
		{D1B7F6DC-86C3-4532-8105-14D815F9EEA7}.Debug|Any CPU.ActiveCfg = Debug|Any CPU
		{D1B7F6DC-86C3-4532-8105-14D815F9EEA7}.Debug|Any CPU.Build.0 = Debug|Any CPU
		{D1B7F6DC-86C3-4532-8105-14D815F9EEA7}.Release|Any CPU.ActiveCfg = Release|Any CPU
		{D1B7F6DC-86C3-4532-8105-14D815F9EEA7}.Release|Any CPU.Build.0 = Release|Any CPU
	EndGlobalSection
	GlobalSection(SolutionProperties) = preSolution
		HideSolutionNode = FALSE
	EndGlobalSection
	GlobalSection(ExtensibilityGlobals) = postSolution
		SolutionGuid = {F7E7947E-1F71-46BC-99D5-98C2F7369098}
	EndGlobalSection
EndGlobal
